
Microsoft Visual Studio Solution File, Format Version 12.00
# Visual Studio Version 16
VisualStudioVersion = 16.0.29905.134
MinimumVisualStudioVersion = 10.0.40219.1
Project("{FAE04EC0-301F-11D3-BF4B-00C04F79EFBC}") = "WebClient", "WebClient\WebClient.csproj", "{71A6326D-F131-4CFD-B825-C4F11EEAAD6E}"
EndProject
Project("{FAE04EC0-301F-11D3-BF4B-00C04F79EFBC}") = "WebClient.Tests", "WebClient.Tests\WebClient.Tests.csproj", "{2C57745E-880C-446D-92BB-BDDA7A518E2D}"
EndProject
Global
	GlobalSection(SolutionConfigurationPlatforms) = preSolution
		Debug|Any CPU = Debug|Any CPU
		Release|Any CPU = Release|Any CPU
	EndGlobalSection
	GlobalSection(ProjectConfigurationPlatforms) = postSolution
		{71A6326D-F131-4CFD-B825-C4F11EEAAD6E}.Debug|Any CPU.ActiveCfg = Debug|Any CPU
		{71A6326D-F131-4CFD-B825-C4F11EEAAD6E}.Debug|Any CPU.Build.0 = Debug|Any CPU
		{71A6326D-F131-4CFD-B825-C4F11EEAAD6E}.Release|Any CPU.ActiveCfg = Release|Any CPU
		{71A6326D-F131-4CFD-B825-C4F11EEAAD6E}.Release|Any CPU.Build.0 = Release|Any CPU
		{2C57745E-880C-446D-92BB-BDDA7A518E2D}.Debug|Any CPU.ActiveCfg = Debug|Any CPU
		{2C57745E-880C-446D-92BB-BDDA7A518E2D}.Debug|Any CPU.Build.0 = Debug|Any CPU
		{2C57745E-880C-446D-92BB-BDDA7A518E2D}.Release|Any CPU.ActiveCfg = Release|Any CPU
		{2C57745E-880C-446D-92BB-BDDA7A518E2D}.Release|Any CPU.Build.0 = Release|Any CPU
	EndGlobalSection
	GlobalSection(SolutionProperties) = preSolution
		HideSolutionNode = FALSE
	EndGlobalSection
	GlobalSection(ExtensibilityGlobals) = postSolution
		SolutionGuid = {671F8620-5772-4284-98DC-4AFE049EC7ED}
	EndGlobalSection
EndGlobal
